dependencies:
- name: mandacode-auth
  repository: oci://registry.mandacode.com/mandacode/charts
  version: 0.1.0-rc10
- name: auto-mailer
  repository: oci://registry.mandacode.com/mailer/charts
  version: 0.1.0
- name: postgresql
  repository: https://charts.bitnami.com/bitnami
  version: 16.4.14
- name: redis
  repository: https://charts.bitnami.com/bitnami
  version: 20.10.0
digest: sha256:6a937e34651421516d1f35ad4c3cd623225bf794c3db7b342f155e46c9475b2b
generated: "2025-03-23T17:24:08.364894993+09:00"
